# This file is autogenerated, do not edit; changes may be undone by the next 'dep ensure'.


[[projects]]
  branch = "master"
  digest = "1:3eda37d910c8576edf5ff08c20633673739846d1cec244d0af87bda47debe728"
  name = "github.com/aclements/go-rabin"
  packages = ["rabin"]
  pruneopts = "NU"
  revision = "d0b643ea1a4c56db14f9cab09038c41e76767e58"

[[projects]]
  digest = "1:a56a8fce4def2ff2e7cc55001b5a382e487c7b1b885db01c08d29d195af76ef8"
  name = "github.com/alecthomas/kingpin"
  packages = ["."]
  pruneopts = "NU"
  revision = "947dcec5ba9c011838740e680966fd7087a71d0d"
  version = "v2.2.6"

[[projects]]
  branch = "master"
  digest = "1:16f9a8267630b7423df6986b8945c8dc2767e9af5d9b9ec4f0a70a78f3dda08a"
  name = "github.com/alecthomas/template"
  packages = [
    ".",
    "parse",
  ]
  pruneopts = "NU"
  revision = "a0175ee3bccc567396460bf5acd36800cb10c49c"

[[projects]]
  branch = "master"
  digest = "1:39d37854dff4dd64881962249be3760973728f9a4e869bf441f61eb3dc98a810"
  name = "github.com/alecthomas/units"
  packages = ["."]
  pruneopts = "NU"
  revision = "2efee857e7cfd4f3d0138cc3cbb1b4966962b93a"

[[projects]]
  digest = "1:df97018732ee51d8835b576e52653ae54df263ea47374439806b46cef4fb21b2"
  name = "github.com/apex/log"
  packages = ["."]
  pruneopts = "NU"
  revision = "941dea75d3ebfbdd905a5d8b7b232965c5e5c684"
  version = "v1.1.0"

[[projects]]
  digest = "1:ea4665268a3c3c5ecd8915c4a75c7d02c3d0a7e5242bcb5c193006b1a3137358"
  name = "github.com/aws/aws-sdk-go"
  packages = [
    "aws",
    "aws/awserr",
    "aws/awsutil",
    "aws/client",
    "aws/client/metadata",
    "aws/corehandlers",
    "aws/credentials",
    "aws/credentials/ec2rolecreds",
    "aws/credentials/endpointcreds",
    "aws/credentials/stscreds",
    "aws/csm",
    "aws/defaults",
    "aws/ec2metadata",
    "aws/endpoints",
    "aws/request",
    "aws/session",
    "aws/signer/v4",
    "internal/ini",
    "internal/s3err",
    "internal/sdkio",
    "internal/sdkrand",
    "internal/sdkuri",
    "internal/shareddefaults",
    "private/protocol",
    "private/protocol/eventstream",
    "private/protocol/eventstream/eventstreamapi",
    "private/protocol/query",
    "private/protocol/query/queryutil",
    "private/protocol/rest",
    "private/protocol/restxml",
    "private/protocol/xml/xmlutil",
    "service/s3",
    "service/s3/s3iface",
    "service/s3/s3manager",
    "service/sts",
  ]
  pruneopts = "NU"
  revision = "f76d9803fd695eebf74cb23c460287fa496efc21"
  version = "v1.15.63"

[[projects]]
  branch = "master"
  digest = "1:456178c75d34391b95a1f733f006a7b813a064c0ff227f8a1f76354fe8390c44"
  name = "github.com/biessek/golang-ico"
  packages = ["."]
  pruneopts = "NU"
  revision = "d348d9ea4670192799de9f429f8eb3d3862cced2"

[[projects]]
  digest = "1:3276bc0ef632fa9622ee1faebe9b7acc82dbc4281e33b77bd995fc4c71dc0cf0"
  name = "github.com/develar/errors"
  packages = ["."]
  pruneopts = "NU"
  revision = "25fc63f959d98d6b6ef342978dfb8080357690c0"
  version = "v0.8.1"

[[projects]]
  digest = "1:9791c0780e7ec180db08d1ad3b41d0f651412a4731217b287ea835b3b1183734"
  name = "github.com/develar/go-fs-util"
  packages = ["."]
  pruneopts = "NU"
  revision = "eda23b17cc6fb7697abea3d250cbea610703020e"
  version = "v2.0.0"

[[projects]]
  branch = "master"
  digest = "1:5552deb102c6c8d23daf6976f356fd738081675afa154fb8ee5cd4e017f8343a"
  name = "github.com/develar/go-keychain"
  packages = ["."]
  pruneopts = "NU"
  revision = "047329c1d754d75c79c693f95778573ac3eebaee"

[[projects]]
  digest = "1:c8cda7be21e7fbe1b7c21657bee84d20c85414da9ccd7be2bb61a35333859bf0"
  name = "github.com/disintegration/imaging"
  packages = ["."]
  pruneopts = "NU"
  revision = "0bd5694c78c9c3d9a3cd06a706a8f3c59296a9ac"
  version = "v1.5.0"

[[projects]]
  digest = "1:8a53433ca411e4fb3305cef7edc820043c2131849e7ca600687101d8a612393f"
  name = "github.com/dustin/go-humanize"
  packages = ["."]
  pruneopts = "NU"
  revision = "9f541cc9db5d55bce703bd99987c9d5cb8eea45e"
  version = "v1.0.0"

[[projects]]
  digest = "1:05c30842adeeae21984a43d8c988de0ed393b7e688650b9e1b0bf443d468b3c7"
  name = "github.com/hpcloud/tail"
  packages = [
    ".",
    "ratelimiter",
    "util",
    "watch",
    "winfile",
  ]
  pruneopts = "NU"
  revision = "a30252cb686a21eb2d0b98132633053ec2f7f1e5"
  version = "v1.0.0"

[[projects]]
  digest = "1:f0b0ff1909fe65cb120628946af2e5a4d4ed1fa9ec4223db9bac3620ed6da446"
  name = "github.com/jmespath/go-jmespath"
  packages = ["."]
  pruneopts = "NU"
  revision = "0b12d6b5"

[[projects]]
  digest = "1:568ecf6a303dae99a5d98f4914b51f2c4370597c4470c8e04ef01518cb0f0aa3"
  name = "github.com/json-iterator/go"
  packages = ["."]
  pruneopts = "NU"
  revision = "1624edc4454b8682399def8740d46db5e4362ba4"
  version = "1.1.5"

[[projects]]
  branch = "master"
  digest = "1:60bd96c999964538615ef8c98581137fe0aedf3795c5d464df1b23ea608de470"
  name = "github.com/jsummers/gobmp"
  packages = ["."]
  pruneopts = "NU"
  revision = "e2ba15ffa76e4db3c90ae9e7c4b1c32a411207a4"

[[projects]]
  branch = "master"
  digest = "1:f1b8ddb15d49e3e7f1fc90155629f895627f03c8e8f87872c4a0cdeb92e05762"
  name = "github.com/mcuadros/go-version"
  packages = ["."]
  pruneopts = "NU"
  revision = "6d5863ca60fa6fe914b5fd43ed8533d7567c5b0b"

[[projects]]
  branch = "master"
  digest = "1:a0a7b490ae8e810774f7399b595a6e86cab6106a8bda2481be0a6bc03afa38d8"
  name = "github.com/minio/blake2b-simd"
  packages = ["."]
  pruneopts = "NU"
  revision = "3f5f724cb5b182a5c278d6d3d55b40e7f8c2efb4"

[[projects]]
  digest = "1:6e40eef6efa3f62764e2078653ccc9d8c0126571a99ce852c75504ef5b88062e"
  name = "github.com/mitchellh/go-homedir"
  packages = ["."]
  pruneopts = "NU"
  revision = "ae18d6b8b3205b561c79e8e5f69bff09736185f4"
  version = "v1.0.0"

[[projects]]
  digest = "1:f66d87ce300a9e7b87bbfa1d4c89f65e1548b9872c5be28e3274f5f722cb4114"
  name = "github.com/modern-go/concurrent"
  packages = ["."]
  pruneopts = "NU"
  revision = "bacd9c7ef1dd9b15be4a9909b8ac7a4e313eec94"
  version = "1.0.3"

[[projects]]
  digest = "1:c6aca19413b13dc59c220ad7430329e2ec454cc310bc6d8de2c7e2b93c18a0f6"
  name = "github.com/modern-go/reflect2"
  packages = ["."]
  pruneopts = "NU"
  revision = "4b7aa43c6742a2c18fdef89dd197aaae7dac7ccd"
  version = "1.0.1"

[[projects]]
  digest = "1:bc72366bbe444cbfd169e53675c734da5727d92d82a928c7ac0ae1c0b527a3fb"
  name = "github.com/onsi/ginkgo"
  packages = [
    ".",
    "config",
    "internal/codelocation",
    "internal/containernode",
    "internal/failer",
    "internal/leafnodes",
    "internal/remote",
    "internal/spec",
    "internal/spec_iterator",
    "internal/specrunner",
    "internal/suite",
    "internal/testingtproxy",
    "internal/writer",
    "reporters",
    "reporters/stenographer",
    "reporters/stenographer/support/go-colorable",
    "reporters/stenographer/support/go-isatty",
    "types",
  ]
  pruneopts = "NU"
  revision = "3774a09d95489ccaa16032e0770d08ea77ba6184"
  version = "v1.6.0"

[[projects]]
  digest = "1:7ab583b7244c9544c3181818bc23a07e1941d4ab62b7613539fb92f067e0575a"
  name = "github.com/onsi/gomega"
  packages = [
    ".",
    "format",
    "internal/assertion",
    "internal/asyncassertion",
    "internal/oraclematcher",
    "internal/testingtsupport",
    "matchers",
    "matchers/support/goraph/bipartitegraph",
    "matchers/support/goraph/edge",
    "matchers/support/goraph/node",
    "matchers/support/goraph/util",
    "types",
  ]
  pruneopts = "NU"
  revision = "7615b9433f86a8bdf29709bf288bc4fd0636a369"
  version = "v1.4.2"

[[projects]]
  branch = "master"
  digest = "1:4cee7300cbe866db72a6cf4e17e92898b77a89a339f41d3ae6aac8ea42237003"
  name = "github.com/oxtoacart/bpool"
  packages = ["."]
  pruneopts = "NU"
  revision = "4e1c5567d7c2dd59fa4c7c83d34c2f3528b025d6"

[[projects]]
  branch = "master"
  digest = "1:d1b498d86937935fac570932f6a4f3c71cf4881981638916726ab2b685967883"
  name = "github.com/phayes/permbits"
  packages = ["."]
  pruneopts = "NU"
  revision = "59f2482cd4603d9795e7b2385448d5d7f42fdeee"

[[projects]]
  digest = "1:5da5dc86bcd23e94befc0048ccd757fc1706ebd3aa6c0ca9575d8b9def1b8f26"
  name = "github.com/pkg/errors"
  packages = ["."]
  pruneopts = "NU"
  revision = "645ef00459ed84a119197bfb8d8205042c6df63d"
  version = "v0.8.0"

[[projects]]
  digest = "1:09e8cc817e5cea53bc9452ca4ae27d3273bda8a9dde45d8f2b7aac5d05f6e04c"
  name = "github.com/pkg/xattr"
  packages = ["."]
  pruneopts = "NU"
  revision = "ae385d07bb53f092fcc7daaf738d8513df084931"
  version = "v0.3.1"

[[projects]]
  digest = "1:eb23748e8079e4c68f15e390071bf548b29da0c0e00d3714a94281b225c0a64c"
  name = "github.com/segmentio/ksuid"
  packages = ["."]
  pruneopts = "NU"
  revision = "ffd9a8aaaf8f40792e055371eba06542348e991e"
  version = "v1.0.2"

[[projects]]
  digest = "1:82b279cee23ba62114605e7ca1f27911e075fefa37814888366c1879af072cc7"
  name = "github.com/zieckey/goini"
  packages = ["."]
  pruneopts = "NU"
  revision = "ef198e44330230cf3989b754eff33c97888f5a26"
  version = "v1.2"

[[projects]]
  branch = "master"
  digest = "1:46b4241859df1f3afb89abe5402831124d3c0d7c573787cef5f232f1eba3776b"
  name = "golang.org/x/image"
  packages = [
    "bmp",
    "tiff",
    "tiff/lzw",
  ]
  pruneopts = "NU"
  revision = "2a2258ff36e99cf9156acfc715e3f83d47d6f0fd"

[[projects]]
  branch = "master"
  digest = "1:594913422924dc7819e86f373f3f284865f99c833fe760d25f45f45b297c0843"
  name = "golang.org/x/net"
  packages = [
    "html",
    "html/atom",
    "html/charset",
  ]
  pruneopts = "NU"
  revision = "9b4f9f5ad5197c79fd623a3638e70d8b26cef344"

[[projects]]
  branch = "master"
  digest = "1:22d6dea67139c5fa252c14872893d5a4be67ad8632f9161e0ec6ea60a72b2d42"
  name = "golang.org/x/sys"
  packages = ["unix"]
  pruneopts = "NU"
  revision = "d989b31c87461dc8ab2f1cac6792814e27fadea9"

[[projects]]
  digest = "1:ab44f87f4f5044b3cf74aee65e3d8856b668f55ca6883d1a1ed7a4659d3dc071"
  name = "golang.org/x/text"
  packages = [
    "encoding",
    "encoding/charmap",
    "encoding/htmlindex",
    "encoding/internal",
    "encoding/internal/identifier",
    "encoding/japanese",
    "encoding/korean",
    "encoding/simplifiedchinese",
    "encoding/traditionalchinese",
    "encoding/unicode",
    "internal/gen",
    "internal/tag",
    "internal/utf8internal",
    "language",
    "runes",
    "transform",
    "unicode/cldr",
  ]
  pruneopts = "NU"
  revision = "f21a4dfb5e38f5895301dc265a8def02365cc3d0"
  version = "v0.3.0"

[[projects]]
  digest = "1:c1f6f595ca22967c11ddb38ae055a82530476e12c4092d9c21b1ff76444b0ba6"
  name = "gopkg.in/fsnotify.v1"
  packages = ["."]
  pruneopts = "NU"
  revision = "c2828203cd70a50dcccfb2761f8b1f8ceef9a8e9"
  source = "gopkg.in/fsnotify/fsnotify.v1"
  version = "v1.4.7"

[[projects]]
  branch = "v1"
  digest = "1:c722b4b221ae84e9c483d015223147c3f84a419b8ca2fe7f4b5a7b8fbf3768ed"
  name = "gopkg.in/tomb.v1"
  packages = ["."]
  pruneopts = "NU"
  revision = "dd632973f1e7218eb1089048e0798ec9ae7dceb8"

[[projects]]
  digest = "1:0f609ed4c25543199a7ba246609572ea84207437ecbb3f2c7e129807a55dcd40"
  name = "gopkg.in/yaml.v2"
  packages = ["."]
  pruneopts = "NU"
  revision = "5420a8b6744d3b0345ab293f6fcba19c978f1183"
  version = "v2.2.1"

[solve-meta]
  analyzer-name = "dep"
  analyzer-version = 1
  input-imports = [
    "github.com/aclements/go-rabin/rabin",
    "github.com/alecthomas/kingpin",
    "github.com/apex/log",
    "github.com/aws/aws-sdk-go/aws",
    "github.com/aws/aws-sdk-go/aws/credentials",
    "github.com/aws/aws-sdk-go/aws/session",
    "github.com/aws/aws-sdk-go/service/s3",
    "github.com/aws/aws-sdk-go/service/s3/s3manager",
    "github.com/biessek/golang-ico",
    "github.com/develar/errors",
    "github.com/develar/go-fs-util",
    "github.com/develar/go-keychain",
    "github.com/disintegration/imaging",
    "github.com/dustin/go-humanize",
    "github.com/json-iterator/go",
    "github.com/mcuadros/go-version",
    "github.com/minio/blake2b-simd",
    "github.com/mitchellh/go-homedir",
    "github.com/onsi/ginkgo",
    "github.com/onsi/gomega",
    "github.com/oxtoacart/bpool",
    "github.com/phayes/permbits",
    "github.com/pkg/errors",
    "github.com/pkg/xattr",
    "github.com/segmentio/ksuid",
    "github.com/zieckey/goini",
  ]
  solver-name = "gps-cdcl"
  solver-version = 1
