lockfileVersion: '6.0'

settings:
  autoInstallPeers: true
  excludeLinksFromLockfile: false

dependencies:
  auto-launch:
    specifier: 5.0.6
    version: 5.0.6
  react:
    specifier: ^18.2.0
    version: 18.2.0

packages:

  /applescript@1.0.0:
    resolution: {integrity: sha512-yvtNHdWvtbYEiIazXAdp/NY+BBb65/DAseqlNiJQjOx9DynuzOYDbVLBJvuc0ve0VL9x6B3OHF6eH52y9hCBtQ==}
    dev: false

  /auto-launch@5.0.6:
    resolution: {integrity: sha512-OgxiAm4q9EBf9EeXdPBiVNENaWE3jUZofwrhAkWjHDYGezu1k3FRZHU8V2FBxGuSJOHzKmTJEd0G7L7/0xDGFA==}
    engines: {node: '>=4.0.0'}
    dependencies:
      applescript: 1.0.0
      mkdirp: 0.5.6
      path-is-absolute: 1.0.1
      untildify: 3.0.3
      winreg: 1.2.4
    dev: false

  /js-tokens@4.0.0:
    resolution: {integrity: sha512-RdJUflcE3cUzKiMqQgsCu06FPu9UdIJO0beYbPhHN4k6apgJtifcoCtT9bcxOpYBtpD2kCM6Sbzg4CausW/PKQ==}
    dev: false

  /loose-envify@1.4.0:
    resolution: {integrity: sha512-lyuxPGr/Wfhrlem2CL/UcnUc1zcqKAImBDzukY7Y5F/yQiNdko6+fRLevlw1HgMySw7f611UIY408EtxRSoK3Q==}
    hasBin: true
    dependencies:
      js-tokens: 4.0.0
    dev: false

  /minimist@1.2.8:
    resolution: {integrity: sha512-2yyAR8qBkN3YuheJanUpWC5U3bb5osDywNB8RzDVlDwDHbocAJveqqj1u8+SVD7jkWT4yvsHCpWqqWqAxb0zCA==}
    dev: false

  /mkdirp@0.5.6:
    resolution: {integrity: sha512-FP+p8RB8OWpF3YZBCrP5gtADmtXApB5AMLn+vdyA+PyxCjrCs00mjyUozssO33cwDeT3wNGdLxJ5M//YqtHAJw==}
    hasBin: true
    dependencies:
      minimist: 1.2.8
    dev: false

  /path-is-absolute@1.0.1:
    resolution: {integrity: sha512-AVbw3UJ2e9bq64vSaS9Am0fje1Pa8pbGqTTsmXfaIiMpnr5DlDhfJOuLj9Sf95ZPVDAUerDfEk88MPmPe7UCQg==}
    engines: {node: '>=0.10.0'}
    dev: false

  /react@18.2.0:
    resolution: {integrity: sha512-/3IjMdb2L9QbBdWiW5e3P2/npwMBaU9mHCSCUzNln0ZCYbcfTsGbTJrU/kGemdH2IWmB2ioZ+zkxtmq6g09fGQ==}
    engines: {node: '>=0.10.0'}
    dependencies:
      loose-envify: 1.4.0
    dev: false

  /untildify@3.0.3:
    resolution: {integrity: sha512-iSk/J8efr8uPT/Z4eSUywnqyrQU7DSdMfdqK4iWEaUVVmcP5JcnpRqmVMwcwcnmI1ATFNgC5V90u09tBynNFKA==}
    engines: {node: '>=4'}
    dev: false

  /winreg@1.2.4:
    resolution: {integrity: sha512-IHpzORub7kYlb8A43Iig3reOvlcBJGX9gZ0WycHhghHtA65X0LYnMRuJs+aH1abVnMJztQkvQNlltnbPi5aGIA==}
    dev: false
